
Microsoft Visual Studio Solution File, Format Version 12.00
# Visual Studio 15
VisualStudioVersion = 15.0.28307.168
MinimumVisualStudioVersion = 10.0.40219.1
Project("{FAE04EC0-301F-11D3-BF4B-00C04F79EFBC}") = "RepoTestApp", "RepoTestApp\RepoTestApp.csproj", "{17AF1355-DFA7-4CB2-9D6F-3D63F2C88DCF}"
EndProject
Global
	GlobalSection(SolutionConfigurationPlatforms) = preSolution
		Debug|Any CPU = Debug|Any CPU
		Release|Any CPU = Release|Any CPU
	EndGlobalSection
	GlobalSection(ProjectConfigurationPlatforms) = postSolution
		{17AF1355-DFA7-4CB2-9D6F-3D63F2C88DCF}.Debug|Any CPU.ActiveCfg = Debug|Any CPU
		{17AF1355-DFA7-4CB2-9D6F-3D63F2C88DCF}.Debug|Any CPU.Build.0 = Debug|Any CPU
		{17AF1355-DFA7-4CB2-9D6F-3D63F2C88DCF}.Release|Any CPU.ActiveCfg = Release|Any CPU
		{17AF1355-DFA7-4CB2-9D6F-3D63F2C88DCF}.Release|Any CPU.Build.0 = Release|Any CPU
	EndGlobalSection
	GlobalSection(SolutionProperties) = preSolution
		HideSolutionNode = FALSE
	EndGlobalSection
	GlobalSection(ExtensibilityGlobals) = postSolution
		SolutionGuid = {3ED12F80-6D47-4F27-8E90-D24DC2839817}
	EndGlobalSection
EndGlobal
